
Microsoft Visual Studio Solution File, Format Version 12.00
# Blend for Visual Studio Version 17
VisualStudioVersion = 17.13.35818.85 d17.13
MinimumVisualStudioVersion = 10.0.40219.1
Project("{FAE04EC0-301F-11D3-BF4B-00C04F79EFBC}") = "Academix", "Academix\Academix.csproj", "{05FF0E9F-0852-4CB0-BB3D-620466B4B93A}"
EndProject
Global
	GlobalSection(SolutionConfigurationPlatforms) = preSolution
		Debug|Any CPU = Debug|Any CPU
		Release|Any CPU = Release|Any CPU
	EndGlobalSection
	GlobalSection(ProjectConfigurationPlatforms) = postSolution
		{05FF0E9F-0852-4CB0-BB3D-620466B4B93A}.Debug|Any CPU.ActiveCfg = Debug|Any CPU
		{05FF0E9F-0852-4CB0-BB3D-620466B4B93A}.Debug|Any CPU.Build.0 = Debug|Any CPU
		{05FF0E9F-0852-4CB0-BB3D-620466B4B93A}.Release|Any CPU.ActiveCfg = Release|Any CPU
		{05FF0E9F-0852-4CB0-BB3D-620466B4B93A}.Release|Any CPU.Build.0 = Release|Any CPU
	EndGlobalSection
	GlobalSection(SolutionProperties) = preSolution
		HideSolutionNode = FALSE
	EndGlobalSection
	GlobalSection(ExtensibilityGlobals) = postSolution
		SolutionGuid = {B04C0BC7-E841-4EBB-AA19-278DF003068D}
	EndGlobalSection
EndGlobal
